{
  "lockfileVersion": 1,
  "configVersion": 0,
  "workspaces": {
    "": {
      "name": "plex-where-to-watch-node",
      "devDependencies": {
        "bun-types": "latest",
      },
      "peerDependencies": {
        "typescript": "^5.0.0",
      },
    },
  },
  "packages": {
    "bun-types": ["bun-types@1.0.3", "", {}, "sha512-XlyKVdYCHa7K5PHYGcwOVOrGE/bMnLS51y7zFA3ZAAXyiQ6dTaNXNCWTTufgII/6ruN770uhAXphQmzvU/r2fQ=="],

    "typescript": ["typescript@5.2.2", "", { "bin": { "tsc": "bin/tsc", "tsserver": "bin/tsserver" } }, "sha512-mI4WrpHsbCIcwT9cF4FZvr80QUeKvsUsUvKDoR+X/7XHQH98xYD8YHZg7ANtz2GtZt/CBq2QJ0thkGJMHfqc1w=="],
  }
}
